// !$*UTF8*$!
{
	archiveVersion = 1;
	classes = {
	};
	objectVersion = 77;
	objects = {

/* Begin PBXContainerItemProxy section */
		2CD201772E3B798C00905273 /* PBXContainerItemProxy */ = {
			isa = PBXContainerItemProxy;
			containerPortal = 2CD201582E3B798A00905273 /* Project object */;
			proxyType = 1;
			remoteGlobalIDString = 2CD2015F2E3B798A00905273;
			remoteInfo = BaseController;
		};
		2CD201812E3B798C00905273 /* PBXContainerItemProxy */ = {
			isa = PBXContainerItemProxy;
			containerPortal = 2CD201582E3B798A00905273 /* Project object */;
			proxyType = 1;
			remoteGlobalIDString = 2CD2015F2E3B798A00905273;
			remoteInfo = BaseController;
		};
/* End PBXContainerItemProxy section */

/* Begin PBXFileReference section */
		2CD201602E3B798A00905273 /* BaseController.app */ = {isa = PBXFileReference; explicitFileType = wrapper.application; includeInIndex = 0; path = BaseController.app; sourceTree = BUILT_PRODUCTS_DIR; };
		2CD201762E3B798C00905273 /* BaseControllerTests.xctest */ = {isa = PBXFileReference; explicitFileType = wrapper.cfbundle; includeInIndex = 0; path = BaseControllerTests.xctest; sourceTree = BUILT_PRODUCTS_DIR; };
		2CD201802E3B798C00905273 /* BaseControllerUITests.xctest */ = {isa = PBXFileReference; explicitFileType = wrapper.cfbundle; includeInIndex = 0; path = BaseControllerUITests.xctest; sourceTree = BUILT_PRODUCTS_DIR; };
/* End PBXFileReference section */

/* Begin PBXFileSystemSynchronizedBuildFileExceptionSet section */
		2CD201882E3B798C00905273 /* Exceptions for "BaseController" folder in "BaseController" target */ = {
			isa = PBXFileSystemSynchronizedBuildFileExceptionSet;
			membershipExceptions = (
				Info.plist,
			);
			target = 2CD2015F2E3B798A00905273 /* BaseController */;
		};
/* End PBXFileSystemSynchronizedBuildFileExceptionSet section */

/* Begin PBXFileSystemSynchronizedRootGroup section */
		2C6A74AF2E4F154F000A6F22 /* TabBar */ = {
			isa = PBXFileSystemSynchronizedRootGroup;
			path = TabBar;
			sourceTree = "<group>";
		};
		2C74BFAA2E3CAC2A00EF84AB /* ProductList */ = {
			isa = PBXFileSystemSynchronizedRootGroup;
			path = ProductList;
			sourceTree = "<group>";
		};
		2C74BFB02E3CAC3400EF84AB /* Models */ = {
			isa = PBXFileSystemSynchronizedRootGroup;
			path = Models;
			sourceTree = "<group>";
		};
		2C74BFB52E3CAC3C00EF84AB /* Base */ = {
			isa = PBXFileSystemSynchronizedRootGroup;
			path = Base;
			sourceTree = "<group>";
		};
		2C74BFB92E3CAC4000EF84AB /* Application */ = {
			isa = PBXFileSystemSynchronizedRootGroup;
			path = Application;
			sourceTree = "<group>";
		};
		2C74BFBE2E3CAC4500EF84AB /* ProductDetail */ = {
			isa = PBXFileSystemSynchronizedRootGroup;
			path = ProductDetail;
			sourceTree = "<group>";
		};
		2C74BFC52E3CAC4700EF84AB /* Info */ = {
			isa = PBXFileSystemSynchronizedRootGroup;
			path = Info;
			sourceTree = "<group>";
		};
		2CBCBD0C2E4DCF1F00977FE6 /* Welcome */ = {
			isa = PBXFileSystemSynchronizedRootGroup;
			path = Welcome;
			sourceTree = "<group>";
		};
		2CD201622E3B798A00905273 /* BaseController */ = {
			isa = PBXFileSystemSynchronizedRootGroup;
			exceptions = (
				2CD201882E3B798C00905273 /* Exceptions for "BaseController" folder in "BaseController" target */,
			);
			path = BaseController;
			sourceTree = "<group>";
		};
		2CD201792E3B798C00905273 /* BaseControllerTests */ = {
			isa = PBXFileSystemSynchronizedRootGroup;
			path = BaseControllerTests;
			sourceTree = "<group>";
		};
		2CD201832E3B798C00905273 /* BaseControllerUITests */ = {
			isa = PBXFileSystemSynchronizedRootGroup;
			path = BaseControllerUITests;
			sourceTree = "<group>";
		};
/* End PBXFileSystemSynchronizedRootGroup section */

/* Begin PBXFrameworksBuildPhase section */
		2CD2015D2E3B798A00905273 /* Frameworks */ = {
			isa = PBXFrameworksBuildPhase;
			buildActionMask = 2147483647;
			files = (
			);
			runOnlyForDeploymentPostprocessing = 0;
		};
		2CD201732E3B798C00905273 /* Frameworks */ = {
			isa = PBXFrameworksBuildPhase;
			buildActionMask = 2147483647;
			files = (
			);
			runOnlyForDeploymentPostprocessing = 0;
		};
		2CD2017D2E3B798C00905273 /* Frameworks */ = {
			isa = PBXFrameworksBuildPhase;
			buildActionMask = 2147483647;
			files = (
			);
			runOnlyForDeploymentPostprocessing = 0;
		};
/* End PBXFrameworksBuildPhase section */

/* Begin PBXGroup section */
		2CD201572E3B798A00905273 = {
			isa = PBXGroup;
			children = (
				2C6A74AF2E4F154F000A6F22 /* TabBar */,
				2CBCBD0C2E4DCF1F00977FE6 /* Welcome */,
				2C74BFC52E3CAC4700EF84AB /* Info */,
				2C74BFBE2E3CAC4500EF84AB /* ProductDetail */,
				2C74BFAA2E3CAC2A00EF84AB /* ProductList */,
				2C74BFB02E3CAC3400EF84AB /* Models */,
				2C74BFB52E3CAC3C00EF84AB /* Base */,
				2C74BFB92E3CAC4000EF84AB /* Application */,
				2CD201622E3B798A00905273 /* BaseController */,
				2CD201792E3B798C00905273 /* BaseControllerTests */,
				2CD201832E3B798C00905273 /* BaseControllerUITests */,
				2CD201612E3B798A00905273 /* Products */,
			);
			sourceTree = "<group>";
		};
		2CD201612E3B798A00905273 /* Products */ = {
			isa = PBXGroup;
			children = (
				2CD201602E3B798A00905273 /* BaseController.app */,
				2CD201762E3B798C00905273 /* BaseControllerTests.xctest */,
				2CD201802E3B798C00905273 /* BaseControllerUITests.xctest */,
			);
			name = Products;
			sourceTree = "<group>";
		};
/* End PBXGroup section */

/* Begin PBXNativeTarget section */
		2CD2015F2E3B798A00905273 /* BaseController */ = {
			isa = PBXNativeTarget;
			buildConfigurationList = 2CD201892E3B798C00905273 /* Build configuration list for PBXNativeTarget "BaseController" */;
			buildPhases = (
				2CD2015C2E3B798A00905273 /* Sources */,
				2CD2015D2E3B798A00905273 /* Frameworks */,
				2CD2015E2E3B798A00905273 /* Resources */,
			);
			buildRules = (
			);
			dependencies = (
			);
			fileSystemSynchronizedGroups = (
				2C6A74AF2E4F154F000A6F22 /* TabBar */,
				2C74BFAA2E3CAC2A00EF84AB /* ProductList */,
				2C74BFB02E3CAC3400EF84AB /* Models */,
				2C74BFB52E3CAC3C00EF84AB /* Base */,
				2C74BFB92E3CAC4000EF84AB /* Application */,
				2C74BFBE2E3CAC4500EF84AB /* ProductDetail */,
				2C74BFC52E3CAC4700EF84AB /* Info */,
				2CBCBD0C2E4DCF1F00977FE6 /* Welcome */,
				2CD201622E3B798A00905273 /* BaseController */,
			);
			name = BaseController;
			packageProductDependencies = (
			);
			productName = BaseController;
			productReference = 2CD201602E3B798A00905273 /* BaseController.app */;
			productType = "com.apple.product-type.application";
		};
		2CD201752E3B798C00905273 /* BaseControllerTests */ = {
			isa = PBXNativeTarget;
			buildConfigurationList = 2CD2018E2E3B798C00905273 /* Build configuration list for PBXNativeTarget "BaseControllerTests" */;
			buildPhases = (
				2CD201722E3B798C00905273 /* Sources */,
				2CD201732E3B798C00905273 /* Frameworks */,
				2CD201742E3B798C00905273 /* Resources */,
			);
			buildRules = (
			);
			dependencies = (
				2CD201782E3B798C00905273 /* PBXTargetDependency */,
			);
			fileSystemSynchronizedGroups = (
				2CD201792E3B798C00905273 /* BaseControllerTests */,
			);
			name = BaseControllerTests;
			packageProductDependencies = (
			);
			productName = BaseControllerTests;
			productReference = 2CD201762E3B798C00905273 /* BaseControllerTests.xctest */;
			productType = "com.apple.product-type.bundle.unit-test";
		};
		2CD2017F2E3B798C00905273 /* BaseControllerUITests */ = {
			isa = PBXNativeTarget;
			buildConfigurationList = 2CD201912E3B798C00905273 /* Build configuration list for PBXNativeTarget "BaseControllerUITests" */;
			buildPhases = (
				2CD2017C2E3B798C00905273 /* Sources */,
				2CD2017D2E3B798C00905273 /* Frameworks */,
				2CD2017E2E3B798C00905273 /* Resources */,
			);
			buildRules = (
			);
			dependencies = (
				2CD201822E3B798C00905273 /* PBXTargetDependency */,
			);
			fileSystemSynchronizedGroups = (
				2CD201832E3B798C00905273 /* BaseControllerUITests */,
			);
			name = BaseControllerUITests;
			packageProductDependencies = (
			);
			productName = BaseControllerUITests;
			productReference = 2CD201802E3B798C00905273 /* BaseControllerUITests.xctest */;
			productType = "com.apple.product-type.bundle.ui-testing";
		};
/* End PBXNativeTarget section */

/* Begin PBXProject section */
		2CD201582E3B798A00905273 /* Project object */ = {
			isa = PBXProject;
			attributes = {
				BuildIndependentTargetsInParallel = 1;
				LastSwiftUpdateCheck = 1610;
				LastUpgradeCheck = 1610;
				TargetAttributes = {
					2CD2015F2E3B798A00905273 = {
						CreatedOnToolsVersion = 16.1;
					};
					2CD201752E3B798C00905273 = {
						CreatedOnToolsVersion = 16.1;
						TestTargetID = 2CD2015F2E3B798A00905273;
					};
					2CD2017F2E3B798C00905273 = {
						CreatedOnToolsVersion = 16.1;
						TestTargetID = 2CD2015F2E3B798A00905273;
					};
				};
			};
			buildConfigurationList = 2CD2015B2E3B798A00905273 /* Build configuration list for PBXProject "BaseController" */;
			developmentRegion = en;
			hasScannedForEncodings = 0;
			knownRegions = (
				en,
				Base,
			);
			mainGroup = 2CD201572E3B798A00905273;
			minimizedProjectReferenceProxies = 1;
			preferredProjectObjectVersion = 77;
			productRefGroup = 2CD201612E3B798A00905273 /* Products */;
			projectDirPath = "";
			projectRoot = "";
			targets = (
				2CD2015F2E3B798A00905273 /* BaseController */,
				2CD201752E3B798C00905273 /* BaseControllerTests */,
				2CD2017F2E3B798C00905273 /* BaseControllerUITests */,
			);
		};
/* End PBXProject section */

/* Begin PBXResourcesBuildPhase section */
		2CD2015E2E3B798A00905273 /* Resources */ = {
			isa = PBXResourcesBuildPhase;
			buildActionMask = 2147483647;
			files = (
			);
			runOnlyForDeploymentPostprocessing = 0;
		};
		2CD201742E3B798C00905273 /* Resources */ = {
			isa = PBXResourcesBuildPhase;
			buildActionMask = 2147483647;
			files = (
			);
			runOnlyForDeploymentPostprocessing = 0;
		};
		2CD2017E2E3B798C00905273 /* Resources */ = {
			isa = PBXResourcesBuildPhase;
			buildActionMask = 2147483647;
			files = (
			);
			runOnlyForDeploymentPostprocessing = 0;
		};
/* End PBXResourcesBuildPhase section */

/* Begin PBXSourcesBuildPhase section */
		2CD2015C2E3B798A00905273 /* Sources */ = {
			isa = PBXSourcesBuildPhase;
			buildActionMask = 2147483647;
			files = (
			);
			runOnlyForDeploymentPostprocessing = 0;
		};
		2CD201722E3B798C00905273 /* Sources */ = {
			isa = PBXSourcesBuildPhase;
			buildActionMask = 2147483647;
			files = (
			);
			runOnlyForDeploymentPostprocessing = 0;
		};
		2CD2017C2E3B798C00905273 /* Sources */ = {
			isa = PBXSourcesBuildPhase;
			buildActionMask = 2147483647;
			files = (
			);
			runOnlyForDeploymentPostprocessing = 0;
		};
/* End PBXSourcesBuildPhase section */

/* Begin PBXTargetDependency section */
		2CD201782E3B798C00905273 /* PBXTargetDependency */ = {
			isa = PBXTargetDependency;
			target = 2CD2015F2E3B798A00905273 /* BaseController */;
			targetProxy = 2CD201772E3B798C00905273 /* PBXContainerItemProxy */;
		};
		2CD201822E3B798C00905273 /* PBXTargetDependency */ = {
			isa = PBXTargetDependency;
			target = 2CD2015F2E3B798A00905273 /* BaseController */;
			targetProxy = 2CD201812E3B798C00905273 /* PBXContainerItemProxy */;
		};
/* End PBXTargetDependency section */

/* Begin XCBuildConfiguration section */
		2CD2018A2E3B798C00905273 /* Debug */ = {
			isa = XCBuildConfiguration;
			buildSettings = {
				ASSETCATALOG_COMPILER_APPICON_NAME = AppIcon;
				ASSETCATALOG_COMPILER_GLOBAL_ACCENT_COLOR_NAME = AccentColor;
				CODE_SIGN_STYLE = Automatic;
				CURRENT_PROJECT_VERSION = 1;
				GENERATE_INFOPLIST_FILE = YES;
				INFOPLIST_FILE = BaseController/Info.plist;
				INFOPLIST_KEY_UIApplicationSupportsIndirectInputEvents = YES;
				INFOPLIST_KEY_UILaunchStoryboardName = LaunchScreen;
				INFOPLIST_KEY_UIStatusBarStyle = "";
				INFOPLIST_KEY_UISupportedInterfaceOrientations_iPad = "UIInterfaceOrientationPortrait UIInterfaceOrientationPortraitUpsideDown UIInterfaceOrientationLandscapeLeft UIInterfaceOrientationLandscapeRight";
				INFOPLIST_KEY_UISupportedInterfaceOrientations_iPhone = "UIInterfaceOrientationPortrait UIInterfaceOrientationLandscapeLeft UIInterfaceOrientationLandscapeRight";
				LD_RUNPATH_SEARCH_PATHS = (
					"$(inherited)",
					"@executable_path/Frameworks",
				);
				MARKETING_VERSION = 1.0;
				PRODUCT_BUNDLE_IDENTIFIER = atalaycitak.BaseController;
				PRODUCT_NAME = "$(TARGET_NAME)";
				SWIFT_EMIT_LOC_STRINGS = YES;
				SWIFT_VERSION = 5.0;
				TARGETED_DEVICE_FAMILY = "1,2";
			};
			name = Debug;
		};
		2CD2018B2E3B798C00905273 /* Release */ = {
			isa = XCBuildConfiguration;
			buildSettings = {
				ASSETCATALOG_COMPILER_APPICON_NAME = AppIcon;
				ASSETCATALOG_COMPILER_GLOBAL_ACCENT_COLOR_NAME = AccentColor;
				CODE_SIGN_STYLE = Automatic;
				CURRENT_PROJECT_VERSION = 1;
				GENERATE_INFOPLIST_FILE = YES;
				INFOPLIST_FILE = BaseController/Info.plist;
				INFOPLIST_KEY_UIApplicationSupportsIndirectInputEvents = YES;
				INFOPLIST_KEY_UILaunchStoryboardName = LaunchScreen;
				INFOPLIST_KEY_UIStatusBarStyle = "";
				INFOPLIST_KEY_UISupportedInterfaceOrientations_iPad = "UIInterfaceOrientationPortrait UIInterfaceOrientationPortraitUpsideDown UIInterfaceOrientationLandscapeLeft UIInterfaceOrientationLandscapeRight";
				INFOPLIST_KEY_UISupportedInterfaceOrientations_iPhone = "UIInterfaceOrientationPortrait UIInterfaceOrientationLandscapeLeft UIInterfaceOrientationLandscapeRight";
				LD_RUNPATH_SEARCH_PATHS = (
					"$(inherited)",
					"@executable_path/Frameworks",
				);
				MARKETING_VERSION = 1.0;
				PRODUCT_BUNDLE_IDENTIFIER = atalaycitak.BaseController;
				PRODUCT_NAME = "$(TARGET_NAME)";
				SWIFT_EMIT_LOC_STRINGS = YES;
				SWIFT_VERSION = 5.0;
				TARGETED_DEVICE_FAMILY = "1,2";
			};
			name = Release;
		};
		2CD2018C2E3B798C00905273 /* Debug */ = {
			isa = XCBuildConfiguration;
			buildSettings = {
				ALWAYS_SEARCH_USER_PATHS = NO;
				ASSETCATALOG_COMPILER_GENERATE_SWIFT_ASSET_SYMBOL_EXTENSIONS = YES;
				CLANG_ANALYZER_NONNULL = YES;
				CLANG_ANALYZER_NUMBER_OBJECT_CONVERSION = YES_AGGRESSIVE;
				CLANG_CXX_LANGUAGE_STANDARD = "gnu++20";
				CLANG_ENABLE_MODULES = YES;
				CLANG_ENABLE_OBJC_ARC = YES;
				CLANG_ENABLE_OBJC_WEAK = YES;
				CLANG_WARN_BLOCK_CAPTURE_AUTORELEASING = YES;
				CLANG_WARN_BOOL_CONVERSION = YES;
				CLANG_WARN_COMMA = YES;
				CLANG_WARN_CONSTANT_CONVERSION = YES;
				CLANG_WARN_DEPRECATED_OBJC_IMPLEMENTATIONS = YES;
				CLANG_WARN_DIRECT_OBJC_ISA_USAGE = YES_ERROR;
				CLANG_WARN_DOCUMENTATION_COMMENTS = YES;
				CLANG_WARN_EMPTY_BODY = YES;
				CLANG_WARN_ENUM_CONVERSION = YES;
				CLANG_WARN_INFINITE_RECURSION = YES;
				CLANG_WARN_INT_CONVERSION = YES;
				CLANG_WARN_NON_LITERAL_NULL_CONVERSION = YES;
				CLANG_WARN_OBJC_IMPLICIT_RETAIN_SELF = YES;
				CLANG_WARN_OBJC_LITERAL_CONVERSION = YES;
				CLANG_WARN_OBJC_ROOT_CLASS = YES_ERROR;
				CLANG_WARN_QUOTED_INCLUDE_IN_FRAMEWORK_HEADER = YES;
				CLANG_WARN_RANGE_LOOP_ANALYSIS = YES;
				CLANG_WARN_STRICT_PROTOTYPES = YES;
				CLANG_WARN_SUSPICIOUS_MOVE = YES;
				CLANG_WARN_UNGUARDED_AVAILABILITY = YES_AGGRESSIVE;
				CLANG_WARN_UNREACHABLE_CODE = YES;
				CLANG_WARN__DUPLICATE_METHOD_MATCH = YES;
				COPY_PHASE_STRIP = NO;
				DEBUG_INFORMATION_FORMAT = dwarf;
				ENABLE_STRICT_OBJC_MSGSEND = YES;
				ENABLE_TESTABILITY = YES;
				ENABLE_USER_SCRIPT_SANDBOXING = YES;
				GCC_C_LANGUAGE_STANDARD = gnu17;
				GCC_DYNAMIC_NO_PIC = NO;
				GCC_NO_COMMON_BLOCKS = YES;
				GCC_OPTIMIZATION_LEVEL = 0;
				GCC_PREPROCESSOR_DEFINITIONS = (
					"DEBUG=1",
					"$(inherited)",
				);
				GCC_WARN_64_TO_32_BIT_CONVERSION = YES;
				GCC_WARN_ABOUT_RETURN_TYPE = YES_ERROR;
				GCC_WARN_UNDECLARED_SELECTOR = YES;
				GCC_WARN_UNINITIALIZED_AUTOS = YES_AGGRESSIVE;
				GCC_WARN_UNUSED_FUNCTION = YES;
				GCC_WARN_UNUSED_VARIABLE = YES;
				IPHONEOS_DEPLOYMENT_TARGET = 18.1;
				LOCALIZATION_PREFERS_STRING_CATALOGS = YES;
				MTL_ENABLE_DEBUG_INFO = INCLUDE_SOURCE;
				MTL_FAST_MATH = YES;
				ONLY_ACTIVE_ARCH = YES;
				SDKROOT = iphoneos;
				SWIFT_ACTIVE_COMPILATION_CONDITIONS = "DEBUG $(inherited)";
				SWIFT_OPTIMIZATION_LEVEL = "-Onone";
			};
			name = Debug;
		};
		2CD2018D2E3B798C00905273 /* Release */ = {
			isa = XCBuildConfiguration;
			buildSettings = {
				ALWAYS_SEARCH_USER_PATHS = NO;
				ASSETCATALOG_COMPILER_GENERATE_SWIFT_ASSET_SYMBOL_EXTENSIONS = YES;
				CLANG_ANALYZER_NONNULL = YES;
				CLANG_ANALYZER_NUMBER_OBJECT_CONVERSION = YES_AGGRESSIVE;
				CLANG_CXX_LANGUAGE_STANDARD = "gnu++20";
				CLANG_ENABLE_MODULES = YES;
				CLANG_ENABLE_OBJC_ARC = YES;
				CLANG_ENABLE_OBJC_WEAK = YES;
				CLANG_WARN_BLOCK_CAPTURE_AUTORELEASING = YES;
				CLANG_WARN_BOOL_CONVERSION = YES;
				CLANG_WARN_COMMA = YES;
				CLANG_WARN_CONSTANT_CONVERSION = YES;
				CLANG_WARN_DEPRECATED_OBJC_IMPLEMENTATIONS = YES;
				CLANG_WARN_DIRECT_OBJC_ISA_USAGE = YES_ERROR;
				CLANG_WARN_DOCUMENTATION_COMMENTS = YES;
				CLANG_WARN_EMPTY_BODY = YES;
				CLANG_WARN_ENUM_CONVERSION = YES;
				CLANG_WARN_INFINITE_RECURSION = YES;
				CLANG_WARN_INT_CONVERSION = YES;
				CLANG_WARN_NON_LITERAL_NULL_CONVERSION = YES;
				CLANG_WARN_OBJC_IMPLICIT_RETAIN_SELF = YES;
				CLANG_WARN_OBJC_LITERAL_CONVERSION = YES;
				CLANG_WARN_OBJC_ROOT_CLASS = YES_ERROR;
				CLANG_WARN_QUOTED_INCLUDE_IN_FRAMEWORK_HEADER = YES;
				CLANG_WARN_RANGE_LOOP_ANALYSIS = YES;
				CLANG_WARN_STRICT_PROTOTYPES = YES;
				CLANG_WARN_SUSPICIOUS_MOVE = YES;
				CLANG_WARN_UNGUARDED_AVAILABILITY = YES_AGGRESSIVE;
				CLANG_WARN_UNREACHABLE_CODE = YES;
				CLANG_WARN__DUPLICATE_METHOD_MATCH = YES;
				COPY_PHASE_STRIP = NO;
				DEBUG_INFORMATION_FORMAT = "dwarf-with-dsym";
				ENABLE_NS_ASSERTIONS = NO;
				ENABLE_STRICT_OBJC_MSGSEND = YES;
				ENABLE_USER_SCRIPT_SANDBOXING = YES;
				GCC_C_LANGUAGE_STANDARD = gnu17;
				GCC_NO_COMMON_BLOCKS = YES;
				GCC_WARN_64_TO_32_BIT_CONVERSION = YES;
				GCC_WARN_ABOUT_RETURN_TYPE = YES_ERROR;
				GCC_WARN_UNDECLARED_SELECTOR = YES;
				GCC_WARN_UNINITIALIZED_AUTOS = YES_AGGRESSIVE;
				GCC_WARN_UNUSED_FUNCTION = YES;
				GCC_WARN_UNUSED_VARIABLE = YES;
				IPHONEOS_DEPLOYMENT_TARGET = 18.1;
				LOCALIZATION_PREFERS_STRING_CATALOGS = YES;
				MTL_ENABLE_DEBUG_INFO = NO;
				MTL_FAST_MATH = YES;
				SDKROOT = iphoneos;
				SWIFT_COMPILATION_MODE = wholemodule;
				VALIDATE_PRODUCT = YES;
			};
			name = Release;
		};
		2CD2018F2E3B798C00905273 /* Debug */ = {
			isa = XCBuildConfiguration;
			buildSettings = {
				BUNDLE_LOADER = "$(TEST_HOST)";
				CODE_SIGN_STYLE = Automatic;
				CURRENT_PROJECT_VERSION = 1;
				GENERATE_INFOPLIST_FILE = YES;
				IPHONEOS_DEPLOYMENT_TARGET = 18.1;
				MARKETING_VERSION = 1.0;
				PRODUCT_BUNDLE_IDENTIFIER = atalaycitak.BaseControllerTests;
				PRODUCT_NAME = "$(TARGET_NAME)";
				SWIFT_EMIT_LOC_STRINGS = NO;
				SWIFT_VERSION = 5.0;
				TARGETED_DEVICE_FAMILY = "1,2";
				TEST_HOST = "$(BUILT_PRODUCTS_DIR)/BaseController.app/$(BUNDLE_EXECUTABLE_FOLDER_PATH)/BaseController";
			};
			name = Debug;
		};
		2CD201902E3B798C00905273 /* Release */ = {
			isa = XCBuildConfiguration;
			buildSettings = {
				BUNDLE_LOADER = "$(TEST_HOST)";
				CODE_SIGN_STYLE = Automatic;
				CURRENT_PROJECT_VERSION = 1;
				GENERATE_INFOPLIST_FILE = YES;
				IPHONEOS_DEPLOYMENT_TARGET = 18.1;
				MARKETING_VERSION = 1.0;
				PRODUCT_BUNDLE_IDENTIFIER = atalaycitak.BaseControllerTests;
				PRODUCT_NAME = "$(TARGET_NAME)";
				SWIFT_EMIT_LOC_STRINGS = NO;
				SWIFT_VERSION = 5.0;
				TARGETED_DEVICE_FAMILY = "1,2";
				TEST_HOST = "$(BUILT_PRODUCTS_DIR)/BaseController.app/$(BUNDLE_EXECUTABLE_FOLDER_PATH)/BaseController";
			};
			name = Release;
		};
		2CD201922E3B798C00905273 /* Debug */ = {
			isa = XCBuildConfiguration;
			buildSettings = {
				CODE_SIGN_STYLE = Automatic;
				CURRENT_PROJECT_VERSION = 1;
				GENERATE_INFOPLIST_FILE = YES;
				MARKETING_VERSION = 1.0;
				PRODUCT_BUNDLE_IDENTIFIER = atalaycitak.BaseControllerUITests;
				PRODUCT_NAME = "$(TARGET_NAME)";
				SWIFT_EMIT_LOC_STRINGS = NO;
				SWIFT_VERSION = 5.0;
				TARGETED_DEVICE_FAMILY = "1,2";
				TEST_TARGET_NAME = BaseController;
			};
			name = Debug;
		};
		2CD201932E3B798C00905273 /* Release */ = {
			isa = XCBuildConfiguration;
			buildSettings = {
				CODE_SIGN_STYLE = Automatic;
				CURRENT_PROJECT_VERSION = 1;
				GENERATE_INFOPLIST_FILE = YES;
				MARKETING_VERSION = 1.0;
				PRODUCT_BUNDLE_IDENTIFIER = atalaycitak.BaseControllerUITests;
				PRODUCT_NAME = "$(TARGET_NAME)";
				SWIFT_EMIT_LOC_STRINGS = NO;
				SWIFT_VERSION = 5.0;
				TARGETED_DEVICE_FAMILY = "1,2";
				TEST_TARGET_NAME = BaseController;
			};
			name = Release;
		};
/* End XCBuildConfiguration section */

/* Begin XCConfigurationList section */
		2CD2015B2E3B798A00905273 /* Build configuration list for PBXProject "BaseController" */ = {
			isa = XCConfigurationList;
			buildConfigurations = (
				2CD2018C2E3B798C00905273 /* Debug */,
				2CD2018D2E3B798C00905273 /* Release */,
			);
			defaultConfigurationIsVisible = 0;
			defaultConfigurationName = Release;
		};
		2CD201892E3B798C00905273 /* Build configuration list for PBXNativeTarget "BaseController" */ = {
			isa = XCConfigurationList;
			buildConfigurations = (
				2CD2018A2E3B798C00905273 /* Debug */,
				2CD2018B2E3B798C00905273 /* Release */,
			);
			defaultConfigurationIsVisible = 0;
			defaultConfigurationName = Release;
		};
		2CD2018E2E3B798C00905273 /* Build configuration list for PBXNativeTarget "BaseControllerTests" */ = {
			isa = XCConfigurationList;
			buildConfigurations = (
				2CD2018F2E3B798C00905273 /* Debug */,
				2CD201902E3B798C00905273 /* Release */,
			);
			defaultConfigurationIsVisible = 0;
			defaultConfigurationName = Release;
		};
		2CD201912E3B798C00905273 /* Build configuration list for PBXNativeTarget "BaseControllerUITests" */ = {
			isa = XCConfigurationList;
			buildConfigurations = (
				2CD201922E3B798C00905273 /* Debug */,
				2CD201932E3B798C00905273 /* Release */,
			);
			defaultConfigurationIsVisible = 0;
			defaultConfigurationName = Release;
		};
/* End XCConfigurationList section */
	};
	rootObject = 2CD201582E3B798A00905273 /* Project object */;
}
